// !$*UTF8*$!
{
	archiveVersion = 1;
	classes = {
	};
	objectVersion = 50;
	objects = {

/* Begin PBXBuildFile section */
		7E71AFA225BA5648000149BC /* PhotoKitExampleApp.swift in Sources */ = {isa = PBXBuildFile; fileRef = 7E71AFA125BA5648000149BC /* PhotoKitExampleApp.swift */; };
		7E71AFA425BA5648000149BC /* ContentView.swift in Sources */ = {isa = PBXBuildFile; fileRef = 7E71AFA325BA5648000149BC /* ContentView.swift */; };
		7E71AFA625BA5648000149BC /* Assets.xcassets in Resources */ = {isa = PBXBuildFile; fileRef = 7E71AFA525BA5648000149BC /* Assets.xcassets */; };
		7E71AFA925BA5648000149BC /* Preview Assets.xcassets in Resources */ = {isa = PBXBuildFile; fileRef = 7E71AFA825BA5648000149BC /* Preview Assets.xcassets */; };
		7E71AFB425BA5649000149BC /* PhotoKitExampleTests.swift in Sources */ = {isa = PBXBuildFile; fileRef = 7E71AFB325BA5649000149BC /* PhotoKitExampleTests.swift */; };
		7E71AFBF25BA5649000149BC /* PhotoKitExampleUITests.swift in Sources */ = {isa = PBXBuildFile; fileRef = 7E71AFBE25BA5649000149BC /* PhotoKitExampleUITests.swift */; };
/* End PBXBuildFile section */

/* Begin PBXContainerItemProxy section */
		7E71AFB025BA5649000149BC /* PBXContainerItemProxy */ = {
			isa = PBXContainerItemProxy;
			containerPortal = 7E71AF9625BA5648000149BC /* Project object */;
			proxyType = 1;
			remoteGlobalIDString = 7E71AF9D25BA5648000149BC;
			remoteInfo = PhotoKitExample;
		};
		7E71AFBB25BA5649000149BC /* PBXContainerItemProxy */ = {
			isa = PBXContainerItemProxy;
			containerPortal = 7E71AF9625BA5648000149BC /* Project object */;
			proxyType = 1;
			remoteGlobalIDString = 7E71AF9D25BA5648000149BC;
			remoteInfo = PhotoKitExample;
		};
/* End PBXContainerItemProxy section */

/* Begin PBXFileReference section */
		7E71AF9E25BA5648000149BC /* PhotoKitExample.app */ = {isa = PBXFileReference; explicitFileType = wrapper.application; includeInIndex = 0; path = PhotoKitExample.app; sourceTree = BUILT_PRODUCTS_DIR; };
		7E71AFA125BA5648000149BC /* PhotoKitExampleApp.swift */ = {isa = PBXFileReference; lastKnownFileType = sourcecode.swift; path = PhotoKitExampleApp.swift; sourceTree = "<group>"; };
		7E71AFA325BA5648000149BC /* ContentView.swift */ = {isa = PBXFileReference; lastKnownFileType = sourcecode.swift; path = ContentView.swift; sourceTree = "<group>"; };
		7E71AFA525BA5648000149BC /* Assets.xcassets */ = {isa = PBXFileReference; lastKnownFileType = folder.assetcatalog; path = Assets.xcassets; sourceTree = "<group>"; };
		7E71AFA825BA5648000149BC /* Preview Assets.xcassets */ = {isa = PBXFileReference; lastKnownFileType = folder.assetcatalog; path = "Preview Assets.xcassets"; sourceTree = "<group>"; };
		7E71AFAA25BA5648000149BC /* Info.plist */ = {isa = PBXFileReference; lastKnownFileType = text.plist.xml; path = Info.plist; sourceTree = "<group>"; };
		7E71AFAF25BA5649000149BC /* PhotoKitExampleTests.xctest */ = {isa = PBXFileReference; explicitFileType = wrapper.cfbundle; includeInIndex = 0; path = PhotoKitExampleTests.xctest; sourceTree = BUILT_PRODUCTS_DIR; };
		7E71AFB325BA5649000149BC /* PhotoKitExampleTests.swift */ = {isa = PBXFileReference; lastKnownFileType = sourcecode.swift; path = PhotoKitExampleTests.swift; sourceTree = "<group>"; };
		7E71AFB525BA5649000149BC /* Info.plist */ = {isa = PBXFileReference; lastKnownFileType = text.plist.xml; path = Info.plist; sourceTree = "<group>"; };
		7E71AFBA25BA5649000149BC /* PhotoKitExampleUITests.xctest */ = {isa = PBXFileReference; explicitFileType = wrapper.cfbundle; includeInIndex = 0; path = PhotoKitExampleUITests.xctest; sourceTree = BUILT_PRODUCTS_DIR; };
		7E71AFBE25BA5649000149BC /* PhotoKitExampleUITests.swift */ = {isa = PBXFileReference; lastKnownFileType = sourcecode.swift; path = PhotoKitExampleUITests.swift; sourceTree = "<group>"; };
		7E71AFC025BA5649000149BC /* Info.plist */ = {isa = PBXFileReference; lastKnownFileType = text.plist.xml; path = Info.plist; sourceTree = "<group>"; };
/* End PBXFileReference section */

/* Begin PBXFrameworksBuildPhase section */
		7E71AF9B25BA5648000149BC /* Frameworks */ = {
			isa = PBXFrameworksBuildPhase;
			buildActionMask = 2147483647;
			files = (
			);
			runOnlyForDeploymentPostprocessing = 0;
		};
		7E71AFAC25BA5649000149BC /* Frameworks */ = {
			isa = PBXFrameworksBuildPhase;
			buildActionMask = 2147483647;
			files = (
			);
			runOnlyForDeploymentPostprocessing = 0;
		};
		7E71AFB725BA5649000149BC /* Frameworks */ = {
			isa = PBXFrameworksBuildPhase;
			buildActionMask = 2147483647;
			files = (
			);
			runOnlyForDeploymentPostprocessing = 0;
		};
/* End PBXFrameworksBuildPhase section */

/* Begin PBXGroup section */
		7E71AF9525BA5648000149BC = {
			isa = PBXGroup;
			children = (
				7E71AFA025BA5648000149BC /* PhotoKitExample */,
				7E71AFB225BA5649000149BC /* PhotoKitExampleTests */,
				7E71AFBD25BA5649000149BC /* PhotoKitExampleUITests */,
				7E71AF9F25BA5648000149BC /* Products */,
			);
			sourceTree = "<group>";
		};
		7E71AF9F25BA5648000149BC /* Products */ = {
			isa = PBXGroup;
			children = (
				7E71AF9E25BA5648000149BC /* PhotoKitExample.app */,
				7E71AFAF25BA5649000149BC /* PhotoKitExampleTests.xctest */,
				7E71AFBA25BA5649000149BC /* PhotoKitExampleUITests.xctest */,
			);
			name = Products;
			sourceTree = "<group>";
		};
		7E71AFA025BA5648000149BC /* PhotoKitExample */ = {
			isa = PBXGroup;
			children = (
				7E71AFA125BA5648000149BC /* PhotoKitExampleApp.swift */,
				7E71AFA325BA5648000149BC /* ContentView.swift */,
				7E71AFA525BA5648000149BC /* Assets.xcassets */,
				7E71AFAA25BA5648000149BC /* Info.plist */,
				7E71AFA725BA5648000149BC /* Preview Content */,
			);
			path = PhotoKitExample;
			sourceTree = "<group>";
		};
		7E71AFA725BA5648000149BC /* Preview Content */ = {
			isa = PBXGroup;
			children = (
				7E71AFA825BA5648000149BC /* Preview Assets.xcassets */,
			);
			path = "Preview Content";
			sourceTree = "<group>";
		};
		7E71AFB225BA5649000149BC /* PhotoKitExampleTests */ = {
			isa = PBXGroup;
			children = (
				7E71AFB325BA5649000149BC /* PhotoKitExampleTests.swift */,
				7E71AFB525BA5649000149BC /* Info.plist */,
			);
			path = PhotoKitExampleTests;
			sourceTree = "<group>";
		};
		7E71AFBD25BA5649000149BC /* PhotoKitExampleUITests */ = {
			isa = PBXGroup;
			children = (
				7E71AFBE25BA5649000149BC /* PhotoKitExampleUITests.swift */,
				7E71AFC025BA5649000149BC /* Info.plist */,
			);
			path = PhotoKitExampleUITests;
			sourceTree = "<group>";
		};
/* End PBXGroup section */

/* Begin PBXNativeTarget section */
		7E71AF9D25BA5648000149BC /* PhotoKitExample */ = {
			isa = PBXNativeTarget;
			buildConfigurationList = 7E71AFC325BA5649000149BC /* Build configuration list for PBXNativeTarget "PhotoKitExample" */;
			buildPhases = (
				7E71AF9A25BA5648000149BC /* Sources */,
				7E71AF9B25BA5648000149BC /* Frameworks */,
				7E71AF9C25BA5648000149BC /* Resources */,
			);
			buildRules = (
			);
			dependencies = (
			);
			name = PhotoKitExample;
			productName = PhotoKitExample;
			productReference = 7E71AF9E25BA5648000149BC /* PhotoKitExample.app */;
			productType = "com.apple.product-type.application";
		};
		7E71AFAE25BA5649000149BC /* PhotoKitExampleTests */ = {
			isa = PBXNativeTarget;
			buildConfigurationList = 7E71AFC625BA5649000149BC /* Build configuration list for PBXNativeTarget "PhotoKitExampleTests" */;
			buildPhases = (
				7E71AFAB25BA5649000149BC /* Sources */,
				7E71AFAC25BA5649000149BC /* Frameworks */,
				7E71AFAD25BA5649000149BC /* Resources */,
			);
			buildRules = (
			);
			dependencies = (
				7E71AFB125BA5649000149BC /* PBXTargetDependency */,
			);
			name = PhotoKitExampleTests;
			productName = PhotoKitExampleTests;
			productReference = 7E71AFAF25BA5649000149BC /* PhotoKitExampleTests.xctest */;
			productType = "com.apple.product-type.bundle.unit-test";
		};
		7E71AFB925BA5649000149BC /* PhotoKitExampleUITests */ = {
			isa = PBXNativeTarget;
			buildConfigurationList = 7E71AFC925BA5649000149BC /* Build configuration list for PBXNativeTarget "PhotoKitExampleUITests" */;
			buildPhases = (
				7E71AFB625BA5649000149BC /* Sources */,
				7E71AFB725BA5649000149BC /* Frameworks */,
				7E71AFB825BA5649000149BC /* Resources */,
			);
			buildRules = (
			);
			dependencies = (
				7E71AFBC25BA5649000149BC /* PBXTargetDependency */,
			);
			name = PhotoKitExampleUITests;
			productName = PhotoKitExampleUITests;
			productReference = 7E71AFBA25BA5649000149BC /* PhotoKitExampleUITests.xctest */;
			productType = "com.apple.product-type.bundle.ui-testing";
		};
/* End PBXNativeTarget section */

/* Begin PBXProject section */
		7E71AF9625BA5648000149BC /* Project object */ = {
			isa = PBXProject;
			attributes = {
				LastSwiftUpdateCheck = 1230;
				LastUpgradeCheck = 1230;
				TargetAttributes = {
					7E71AF9D25BA5648000149BC = {
						CreatedOnToolsVersion = 12.3;
					};
					7E71AFAE25BA5649000149BC = {
						CreatedOnToolsVersion = 12.3;
						TestTargetID = 7E71AF9D25BA5648000149BC;
					};
					7E71AFB925BA5649000149BC = {
						CreatedOnToolsVersion = 12.3;
						TestTargetID = 7E71AF9D25BA5648000149BC;
					};
				};
			};
			buildConfigurationList = 7E71AF9925BA5648000149BC /* Build configuration list for PBXProject "PhotoKitExample" */;
			compatibilityVersion = "Xcode 9.3";
			developmentRegion = en;
			hasScannedForEncodings = 0;
			knownRegions = (
				en,
				Base,
			);
			mainGroup = 7E71AF9525BA5648000149BC;
			productRefGroup = 7E71AF9F25BA5648000149BC /* Products */;
			projectDirPath = "";
			projectRoot = "";
			targets = (
				7E71AF9D25BA5648000149BC /* PhotoKitExample */,
				7E71AFAE25BA5649000149BC /* PhotoKitExampleTests */,
				7E71AFB925BA5649000149BC /* PhotoKitExampleUITests */,
			);
		};
/* End PBXProject section */

/* Begin PBXResourcesBuildPhase section */
		7E71AF9C25BA5648000149BC /* Resources */ = {
			isa = PBXResourcesBuildPhase;
			buildActionMask = 2147483647;
			files = (
				7E71AFA925BA5648000149BC /* Preview Assets.xcassets in Resources */,
				7E71AFA625BA5648000149BC /* Assets.xcassets in Resources */,
			);
			runOnlyForDeploymentPostprocessing = 0;
		};
		7E71AFAD25BA5649000149BC /* Resources */ = {
			isa = PBXResourcesBuildPhase;
			buildActionMask = 2147483647;
			files = (
			);
			runOnlyForDeploymentPostprocessing = 0;
		};
		7E71AFB825BA5649000149BC /* Resources */ = {
			isa = PBXResourcesBuildPhase;
			buildActionMask = 2147483647;
			files = (
			);
			runOnlyForDeploymentPostprocessing = 0;
		};
/* End PBXResourcesBuildPhase section */

/* Begin PBXSourcesBuildPhase section */
		7E71AF9A25BA5648000149BC /* Sources */ = {
			isa = PBXSourcesBuildPhase;
			buildActionMask = 2147483647;
			files = (
				7E71AFA425BA5648000149BC /* ContentView.swift in Sources */,
				7E71AFA225BA5648000149BC /* PhotoKitExampleApp.swift in Sources */,
			);
			runOnlyForDeploymentPostprocessing = 0;
		};
		7E71AFAB25BA5649000149BC /* Sources */ = {
			isa = PBXSourcesBuildPhase;
			buildActionMask = 2147483647;
			files = (
				7E71AFB425BA5649000149BC /* PhotoKitExampleTests.swift in Sources */,
			);
			runOnlyForDeploymentPostprocessing = 0;
		};
		7E71AFB625BA5649000149BC /* Sources */ = {
			isa = PBXSourcesBuildPhase;
			buildActionMask = 2147483647;
			files = (
				7E71AFBF25BA5649000149BC /* PhotoKitExampleUITests.swift in Sources */,
			);
			runOnlyForDeploymentPostprocessing = 0;
		};
/* End PBXSourcesBuildPhase section */

/* Begin PBXTargetDependency section */
		7E71AFB125BA5649000149BC /* PBXTargetDependency */ = {
			isa = PBXTargetDependency;
			target = 7E71AF9D25BA5648000149BC /* PhotoKitExample */;
			targetProxy = 7E71AFB025BA5649000149BC /* PBXContainerItemProxy */;
		};
		7E71AFBC25BA5649000149BC /* PBXTargetDependency */ = {
			isa = PBXTargetDependency;
			target = 7E71AF9D25BA5648000149BC /* PhotoKitExample */;
			targetProxy = 7E71AFBB25BA5649000149BC /* PBXContainerItemProxy */;
		};
/* End PBXTargetDependency section */

/* Begin XCBuildConfiguration section */
		7E71AFC125BA5649000149BC /* Debug */ = {
			isa = XCBuildConfiguration;
			buildSettings = {
				ALWAYS_SEARCH_USER_PATHS = NO;
				CLANG_ANALYZER_NONNULL = YES;
				CLANG_ANALYZER_NUMBER_OBJECT_CONVERSION = YES_AGGRESSIVE;
				CLANG_CXX_LANGUAGE_STANDARD = "gnu++14";
				CLANG_CXX_LIBRARY = "libc++";
				CLANG_ENABLE_MODULES = YES;
				CLANG_ENABLE_OBJC_ARC = YES;
				CLANG_ENABLE_OBJC_WEAK = YES;
				CLANG_WARN_BLOCK_CAPTURE_AUTORELEASING = YES;
				CLANG_WARN_BOOL_CONVERSION = YES;
				CLANG_WARN_COMMA = YES;
				CLANG_WARN_CONSTANT_CONVERSION = YES;
				CLANG_WARN_DEPRECATED_OBJC_IMPLEMENTATIONS = YES;
				CLANG_WARN_DIRECT_OBJC_ISA_USAGE = YES_ERROR;
				CLANG_WARN_DOCUMENTATION_COMMENTS = YES;
				CLANG_WARN_EMPTY_BODY = YES;
				CLANG_WARN_ENUM_CONVERSION = YES;
				CLANG_WARN_INFINITE_RECURSION = YES;
				CLANG_WARN_INT_CONVERSION = YES;
				CLANG_WARN_NON_LITERAL_NULL_CONVERSION = YES;
				CLANG_WARN_OBJC_IMPLICIT_RETAIN_SELF = YES;
				CLANG_WARN_OBJC_LITERAL_CONVERSION = YES;
				CLANG_WARN_OBJC_ROOT_CLASS = YES_ERROR;
				CLANG_WARN_QUOTED_INCLUDE_IN_FRAMEWORK_HEADER = YES;
				CLANG_WARN_RANGE_LOOP_ANALYSIS = YES;
				CLANG_WARN_STRICT_PROTOTYPES = YES;
				CLANG_WARN_SUSPICIOUS_MOVE = YES;
				CLANG_WARN_UNGUARDED_AVAILABILITY = YES_AGGRESSIVE;
				CLANG_WARN_UNREACHABLE_CODE = YES;
				CLANG_WARN__DUPLICATE_METHOD_MATCH = YES;
				COPY_PHASE_STRIP = NO;
				DEBUG_INFORMATION_FORMAT = dwarf;
				ENABLE_STRICT_OBJC_MSGSEND = YES;
				ENABLE_TESTABILITY = YES;
				GCC_C_LANGUAGE_STANDARD = gnu11;
				GCC_DYNAMIC_NO_PIC = NO;
				GCC_NO_COMMON_BLOCKS = YES;
				GCC_OPTIMIZATION_LEVEL = 0;
				GCC_PREPROCESSOR_DEFINITIONS = (
					"DEBUG=1",
					"$(inherited)",
				);
				GCC_WARN_64_TO_32_BIT_CONVERSION = YES;
				GCC_WARN_ABOUT_RETURN_TYPE = YES_ERROR;
				GCC_WARN_UNDECLARED_SELECTOR = YES;
				GCC_WARN_UNINITIALIZED_AUTOS = YES_AGGRESSIVE;
				GCC_WARN_UNUSED_FUNCTION = YES;
				GCC_WARN_UNUSED_VARIABLE = YES;
				IPHONEOS_DEPLOYMENT_TARGET = 14.3;
				MTL_ENABLE_DEBUG_INFO = INCLUDE_SOURCE;
				MTL_FAST_MATH = YES;
				ONLY_ACTIVE_ARCH = YES;
				SDKROOT = iphoneos;
				SWIFT_ACTIVE_COMPILATION_CONDITIONS = DEBUG;
				SWIFT_OPTIMIZATION_LEVEL = "-Onone";
			};
			name = Debug;
		};
		7E71AFC225BA5649000149BC /* Release */ = {
			isa = XCBuildConfiguration;
			buildSettings = {
				ALWAYS_SEARCH_USER_PATHS = NO;
				CLANG_ANALYZER_NONNULL = YES;
				CLANG_ANALYZER_NUMBER_OBJECT_CONVERSION = YES_AGGRESSIVE;
				CLANG_CXX_LANGUAGE_STANDARD = "gnu++14";
				CLANG_CXX_LIBRARY = "libc++";
				CLANG_ENABLE_MODULES = YES;
				CLANG_ENABLE_OBJC_ARC = YES;
				CLANG_ENABLE_OBJC_WEAK = YES;
				CLANG_WARN_BLOCK_CAPTURE_AUTORELEASING = YES;
				CLANG_WARN_BOOL_CONVERSION = YES;
				CLANG_WARN_COMMA = YES;
				CLANG_WARN_CONSTANT_CONVERSION = YES;
				CLANG_WARN_DEPRECATED_OBJC_IMPLEMENTATIONS = YES;
				CLANG_WARN_DIRECT_OBJC_ISA_USAGE = YES_ERROR;
				CLANG_WARN_DOCUMENTATION_COMMENTS = YES;
				CLANG_WARN_EMPTY_BODY = YES;
				CLANG_WARN_ENUM_CONVERSION = YES;
				CLANG_WARN_INFINITE_RECURSION = YES;
				CLANG_WARN_INT_CONVERSION = YES;
				CLANG_WARN_NON_LITERAL_NULL_CONVERSION = YES;
				CLANG_WARN_OBJC_IMPLICIT_RETAIN_SELF = YES;
				CLANG_WARN_OBJC_LITERAL_CONVERSION = YES;
				CLANG_WARN_OBJC_ROOT_CLASS = YES_ERROR;
				CLANG_WARN_QUOTED_INCLUDE_IN_FRAMEWORK_HEADER = YES;
				CLANG_WARN_RANGE_LOOP_ANALYSIS = YES;
				CLANG_WARN_STRICT_PROTOTYPES = YES;
				CLANG_WARN_SUSPICIOUS_MOVE = YES;
				CLANG_WARN_UNGUARDED_AVAILABILITY = YES_AGGRESSIVE;
				CLANG_WARN_UNREACHABLE_CODE = YES;
				CLANG_WARN__DUPLICATE_METHOD_MATCH = YES;
				COPY_PHASE_STRIP = NO;
				DEBUG_INFORMATION_FORMAT = "dwarf-with-dsym";
				ENABLE_NS_ASSERTIONS = NO;
				ENABLE_STRICT_OBJC_MSGSEND = YES;
				GCC_C_LANGUAGE_STANDARD = gnu11;
				GCC_NO_COMMON_BLOCKS = YES;
				GCC_WARN_64_TO_32_BIT_CONVERSION = YES;
				GCC_WARN_ABOUT_RETURN_TYPE = YES_ERROR;
				GCC_WARN_UNDECLARED_SELECTOR = YES;
				GCC_WARN_UNINITIALIZED_AUTOS = YES_AGGRESSIVE;
				GCC_WARN_UNUSED_FUNCTION = YES;
				GCC_WARN_UNUSED_VARIABLE = YES;
				IPHONEOS_DEPLOYMENT_TARGET = 14.3;
				MTL_ENABLE_DEBUG_INFO = NO;
				MTL_FAST_MATH = YES;
				SDKROOT = iphoneos;
				SWIFT_COMPILATION_MODE = wholemodule;
				SWIFT_OPTIMIZATION_LEVEL = "-O";
				VALIDATE_PRODUCT = YES;
			};
			name = Release;
		};
		7E71AFC425BA5649000149BC /* Debug */ = {
			isa = XCBuildConfiguration;
			buildSettings = {
				ASSETCATALOG_COMPILER_APPICON_NAME = AppIcon;
				ASSETCATALOG_COMPILER_GLOBAL_ACCENT_COLOR_NAME = AccentColor;
				CODE_SIGN_STYLE = Automatic;
				DEVELOPMENT_ASSET_PATHS = "\"PhotoKitExample/Preview Content\"";
				DEVELOPMENT_TEAM = X6LA4P7TFP;
				ENABLE_PREVIEWS = YES;
				INFOPLIST_FILE = PhotoKitExample/Info.plist;
				IPHONEOS_DEPLOYMENT_TARGET = 14.0;
				LD_RUNPATH_SEARCH_PATHS = (
					"$(inherited)",
					"@executable_path/Frameworks",
				);
				PRODUCT_BUNDLE_IDENTIFIER = com.devyhan93.PhotoKitExample;
				PRODUCT_NAME = "$(TARGET_NAME)";
				SWIFT_VERSION = 5.0;
				TARGETED_DEVICE_FAMILY = "1,2";
			};
			name = Debug;
		};
		7E71AFC525BA5649000149BC /* Release */ = {
			isa = XCBuildConfiguration;
			buildSettings = {
				ASSETCATALOG_COMPILER_APPICON_NAME = AppIcon;
				ASSETCATALOG_COMPILER_GLOBAL_ACCENT_COLOR_NAME = AccentColor;
				CODE_SIGN_STYLE = Automatic;
				DEVELOPMENT_ASSET_PATHS = "\"PhotoKitExample/Preview Content\"";
				DEVELOPMENT_TEAM = X6LA4P7TFP;
				ENABLE_PREVIEWS = YES;
				INFOPLIST_FILE = PhotoKitExample/Info.plist;
				IPHONEOS_DEPLOYMENT_TARGET = 14.0;
				LD_RUNPATH_SEARCH_PATHS = (
					"$(inherited)",
					"@executable_path/Frameworks",
				);
				PRODUCT_BUNDLE_IDENTIFIER = com.devyhan93.PhotoKitExample;
				PRODUCT_NAME = "$(TARGET_NAME)";
				SWIFT_VERSION = 5.0;
				TARGETED_DEVICE_FAMILY = "1,2";
			};
			name = Release;
		};
		7E71AFC725BA5649000149BC /* Debug */ = {
			isa = XCBuildConfiguration;
			buildSettings = {
				ALWAYS_EMBED_SWIFT_STANDARD_LIBRARIES = YES;
				BUNDLE_LOADER = "$(TEST_HOST)";
				CODE_SIGN_STYLE = Automatic;
				DEVELOPMENT_TEAM = X6LA4P7TFP;
				INFOPLIST_FILE = PhotoKitExampleTests/Info.plist;
				IPHONEOS_DEPLOYMENT_TARGET = 14.0;
				LD_RUNPATH_SEARCH_PATHS = (
					"$(inherited)",
					"@executable_path/Frameworks",
					"@loader_path/Frameworks",
				);
				PRODUCT_BUNDLE_IDENTIFIER = com.devyhan93.PhotoKitExampleTests;
				PRODUCT_NAME = "$(TARGET_NAME)";
				SWIFT_VERSION = 5.0;
				TARGETED_DEVICE_FAMILY = "1,2";
				TEST_HOST = "$(BUILT_PRODUCTS_DIR)/PhotoKitExample.app/PhotoKitExample";
			};
			name = Debug;
		};
		7E71AFC825BA5649000149BC /* Release */ = {
			isa = XCBuildConfiguration;
			buildSettings = {
				ALWAYS_EMBED_SWIFT_STANDARD_LIBRARIES = YES;
				BUNDLE_LOADER = "$(TEST_HOST)";
				CODE_SIGN_STYLE = Automatic;
				DEVELOPMENT_TEAM = X6LA4P7TFP;
				INFOPLIST_FILE = PhotoKitExampleTests/Info.plist;
				IPHONEOS_DEPLOYMENT_TARGET = 14.0;
				LD_RUNPATH_SEARCH_PATHS = (
					"$(inherited)",
					"@executable_path/Frameworks",
					"@loader_path/Frameworks",
				);
				PRODUCT_BUNDLE_IDENTIFIER = com.devyhan93.PhotoKitExampleTests;
				PRODUCT_NAME = "$(TARGET_NAME)";
				SWIFT_VERSION = 5.0;
				TARGETED_DEVICE_FAMILY = "1,2";
				TEST_HOST = "$(BUILT_PRODUCTS_DIR)/PhotoKitExample.app/PhotoKitExample";
			};
			name = Release;
		};
		7E71AFCA25BA5649000149BC /* Debug */ = {
			isa = XCBuildConfiguration;
			buildSettings = {
				ALWAYS_EMBED_SWIFT_STANDARD_LIBRARIES = YES;
				CODE_SIGN_STYLE = Automatic;
				DEVELOPMENT_TEAM = X6LA4P7TFP;
				INFOPLIST_FILE = PhotoKitExampleUITests/Info.plist;
				LD_RUNPATH_SEARCH_PATHS = (
					"$(inherited)",
					"@executable_path/Frameworks",
					"@loader_path/Frameworks",
				);
				PRODUCT_BUNDLE_IDENTIFIER = com.devyhan93.PhotoKitExampleUITests;
				PRODUCT_NAME = "$(TARGET_NAME)";
				SWIFT_VERSION = 5.0;
				TARGETED_DEVICE_FAMILY = "1,2";
				TEST_TARGET_NAME = PhotoKitExample;
			};
			name = Debug;
		};
		7E71AFCB25BA5649000149BC /* Release */ = {
			isa = XCBuildConfiguration;
			buildSettings = {
				ALWAYS_EMBED_SWIFT_STANDARD_LIBRARIES = YES;
				CODE_SIGN_STYLE = Automatic;
				DEVELOPMENT_TEAM = X6LA4P7TFP;
				INFOPLIST_FILE = PhotoKitExampleUITests/Info.plist;
				LD_RUNPATH_SEARCH_PATHS = (
					"$(inherited)",
					"@executable_path/Frameworks",
					"@loader_path/Frameworks",
				);
				PRODUCT_BUNDLE_IDENTIFIER = com.devyhan93.PhotoKitExampleUITests;
				PRODUCT_NAME = "$(TARGET_NAME)";
				SWIFT_VERSION = 5.0;
				TARGETED_DEVICE_FAMILY = "1,2";
				TEST_TARGET_NAME = PhotoKitExample;
			};
			name = Release;
		};
/* End XCBuildConfiguration section */

/* Begin XCConfigurationList section */
		7E71AF9925BA5648000149BC /* Build configuration list for PBXProject "PhotoKitExample" */ = {
			isa = XCConfigurationList;
			buildConfigurations = (
				7E71AFC125BA5649000149BC /* Debug */,
				7E71AFC225BA5649000149BC /* Release */,
			);
			defaultConfigurationIsVisible = 0;
			defaultConfigurationName = Release;
		};
		7E71AFC325BA5649000149BC /* Build configuration list for PBXNativeTarget "PhotoKitExample" */ = {
			isa = XCConfigurationList;
			buildConfigurations = (
				7E71AFC425BA5649000149BC /* Debug */,
				7E71AFC525BA5649000149BC /* Release */,
			);
			defaultConfigurationIsVisible = 0;
			defaultConfigurationName = Release;
		};
		7E71AFC625BA5649000149BC /* Build configuration list for PBXNativeTarget "PhotoKitExampleTests" */ = {
			isa = XCConfigurationList;
			buildConfigurations = (
				7E71AFC725BA5649000149BC /* Debug */,
				7E71AFC825BA5649000149BC /* Release */,
			);
			defaultConfigurationIsVisible = 0;
			defaultConfigurationName = Release;
		};
		7E71AFC925BA5649000149BC /* Build configuration list for PBXNativeTarget "PhotoKitExampleUITests" */ = {
			isa = XCConfigurationList;
			buildConfigurations = (
				7E71AFCA25BA5649000149BC /* Debug */,
				7E71AFCB25BA5649000149BC /* Release */,
			);
			defaultConfigurationIsVisible = 0;
			defaultConfigurationName = Release;
		};
/* End XCConfigurationList section */
	};
	rootObject = 7E71AF9625BA5648000149BC /* Project object */;
}
